
Microsoft Visual Studio Solution File, Format Version 12.00
# Visual Studio 2013
VisualStudioVersion = 12.0.30110.0
MinimumVisualStudioVersion = 10.0.40219.1
Project("{FAE04EC0-301F-11D3-BF4B-00C04F79EFBC}") = "SummitAngularJS", "SummitAngularJS\SummitAngularJS.csproj", "{AA7AE4D7-3B86-46F6-91B6-73DB8F1E2521}"
EndProject
Project("{2150E333-8FDC-42A3-9474-1A3956D46DE8}") = "PublishScripts", "PublishScripts", "{BCA53BAD-C8C7-4078-9E0D-2DB3B7161A1C}"
	ProjectSection(SolutionItems) = preProject
		PublishScripts\AzureWebAppPublishModule.psm1 = PublishScripts\AzureWebAppPublishModule.psm1
		PublishScripts\Publish-WebApplication.ps1 = PublishScripts\Publish-WebApplication.ps1
	EndProjectSection
EndProject
Project("{2150E333-8FDC-42A3-9474-1A3956D46DE8}") = "Configurations", "Configurations", "{14D27B5D-4A7B-4D69-8B71-064230C213FB}"
	ProjectSection(SolutionItems) = preProject
		PublishScripts\Configurations\SummitAngularJS-WAWS-dev.json = PublishScripts\Configurations\SummitAngularJS-WAWS-dev.json
	EndProjectSection
EndProject
Global
	GlobalSection(SolutionConfigurationPlatforms) = preSolution
		Debug|Any CPU = Debug|Any CPU
		Release|Any CPU = Release|Any CPU
	EndGlobalSection
	GlobalSection(ProjectConfigurationPlatforms) = postSolution
		{AA7AE4D7-3B86-46F6-91B6-73DB8F1E2521}.Debug|Any CPU.ActiveCfg = Debug|Any CPU
		{AA7AE4D7-3B86-46F6-91B6-73DB8F1E2521}.Debug|Any CPU.Build.0 = Debug|Any CPU
		{AA7AE4D7-3B86-46F6-91B6-73DB8F1E2521}.Release|Any CPU.ActiveCfg = Release|Any CPU
		{AA7AE4D7-3B86-46F6-91B6-73DB8F1E2521}.Release|Any CPU.Build.0 = Release|Any CPU
	EndGlobalSection
	GlobalSection(SolutionProperties) = preSolution
		HideSolutionNode = FALSE
	EndGlobalSection
	GlobalSection(NestedProjects) = preSolution
		{14D27B5D-4A7B-4D69-8B71-064230C213FB} = {BCA53BAD-C8C7-4078-9E0D-2DB3B7161A1C}
	EndGlobalSection
EndGlobal
